{
  "name": "index-srv",
  "version": "0.1.0",
  "lockfileVersion": 3,
  "requires": true,
  "packages": {
    "": {
      "name": "index-srv",
      "version": "0.1.0",
      "devDependencies": {
        "codejar": "^4.3.0",
        "lucide-static": "^1.47.0"
      },
      "engines": {
        "node": ">=20.0.0"
      }
    },
    "node_modules/codejar": {
      "version": "4.3.0",
      "resolved": "https://registry.npmjs.org/codejar/-/codejar-4.3.0.tgz",
      "integrity": "sha512-A7BlrtD2oHR4xsABs/lLvDNxiPxkx71SuyHhcilBHbPMASpQs4d1AG2XjDSAm7y40RmfXbSGbMBhllGy//CDOA==",
      "dev": true,
      "license": "MIT"
    },
    "node_modules/lucide-static": {
      "version": "1.47.0",
      "resolved": "https://registry.npmjs.org/lucide-static/-/lucide-static-1.47.0.tgz",
      "integrity": "sha512-yWIrkdXc688Feq5VjOktsKmV5Ikc7y5Nu3rrdtbr8nWjkJWk8QlnZfVtIak22Af+fNhZ7k4cTJpZo1zmj7X5sA==",
      "dev": true,
      "license": "ISC"
    }
  }
}
